{"format_version":"1.0","provider_schemas":{"registry.terraform.io/formancehq/stack":{"provider":{"version":0,"block":{"attributes":{"cloud":{"nested_type":{"attributes":{"client_id":{"type":"string","description":"The client ID for authenticating with the cloud API.","description_kind":"plain","optional":true},"client_secret":{"type":"string","description":"The client secret for authenticating with the cloud API.","description_kind":"plain","optional":true,"sensitive":true},"endpoint":{"type":"string","description":"The endpoint URL for the cloud API.","description_kind":"plain","optional":true}},"nesting_mode":"single"},"description_kind":"plain","optional":true},"organization_id":{"type":"string","description":"The unique identifier of the organization.","description_kind":"plain","required":true},"retry_config":{"nested_type":{"attributes":{"backoff_strategy":{"nested_type":{"attributes":{"exponent":{"type":"number","description":"The exponent used to increase the backoff interval.","description_kind":"plain","required":true},"initial_interval":{"type":"number","description":"The initial interval for the backoff strategy.","description_kind":"plain","required":true},"max_elapsed_time":{"type":"number","description":"The maximum total time to spend on retries.","description_kind":"plain","required":true},"max_interval":{"type":"number","description":"The maximum interval for the backoff strategy.","description_kind":"plain","required":true}},"nesting_mode":"single"},"description_kind":"plain","required":true},"retry_connection_errors":{"type":"bool","description":"Whether to retry on connection errors.","description_kind":"plain","optional":true}},"nesting_mode":"single"},"description_kind":"plain","optional":true},"stack_id":{"type":"string","description":"The unique identifier of the stack.","description_kind":"plain","required":true},"uri":{"type":"string","description":"The base URI of the stack API.","description_kind":"plain","required":true},"wait_module_duration":{"type":"string","description":"The duration to wait for the module to be ready before proceeding.","description_kind":"plain","optional":true}},"description_kind":"plain"}},"resource_schemas":{"stack_ledger":{"version":0,"block":{"attributes":{"bucket":{"type":"string","description":"The bucket where the ledger data will be stored. If not provided, a default bucket will be used.","description_kind":"plain","optional":true},"metadata":{"type":["map","string"],"description":"Metadata associated with the ledger, stored as key-value pairs. Advanced usage: See [Ledger Advanced Filtering](https://docs.formance.com/ledger/advanced/filtering) and [Ledger documentation](https://docs.formance.com/ledger/) for more information.","description_kind":"plain","optional":true},"name":{"type":"string","description":"The name of the ledger.","description_kind":"plain","required":true}},"description":"Resource for managing a Formance Ledger. For advanced usage and configuration, see the [Ledger documentation](https://docs.formance.com/ledger/).","description_kind":"plain"}},"stack_noop":{"version":0,"block":{"description_kind":"plain"}},"stack_payments_connectors":{"version":0,"block":{"attributes":{"config":{"type":"dynamic","description":"The configuration for the payment connector. It must not contain sensitive information like API keys or secrets. Advanced usage: See [Payments Connectors documentation](https://docs.formance.com/payments/connectors/) for connector configuration options.","description_kind":"plain","required":true},"credentials":{"type":"dynamic","description":"The credentials for the payment connector. This should include sensitive information like API keys, secrets, certificate, and must be handled securely. Advanced usage: See [Payments Connectors documentation](https://docs.formance.com/payments/connectors/) for connector security best practices.","description_kind":"plain","required":true,"sensitive":true},"id":{"type":"string","description":"The unique identifier of the payment connector.","description_kind":"plain","computed":true}},"description":"Resource for managing Formance Payments Connectors. For advanced usage and configuration, see the [Payments Connectors documentation](https://docs.formance.com/payments/connectors/).","description_kind":"plain"}},"stack_payments_pool":{"version":0,"block":{"attributes":{"accounts_ids":{"type":["list","string"],"description":"The list of accounts IDs associated with the pool. For more information, see the [Payments documentation](https://docs.formance.com/payments/).","description_kind":"plain","optional":true},"id":{"type":"string","description":"The unique identifier of the payments pool.","description_kind":"plain","computed":true},"name":{"type":"string","description":"The name of the pool.","description_kind":"plain","required":true}},"description":"Resource for managing a Formance Payments Pool. For advanced usage and configuration, see the [Payments documentation](https://docs.formance.com/payments/).","description_kind":"plain"}},"stack_reconciliation_policy":{"version":0,"block":{"attributes":{"created_at":{"type":"string","description":"The timestamp when the reconciliation policy was created.","description_kind":"plain","computed":true},"id":{"type":"string","description":"The unique identifier of the reconciliation policy.","description_kind":"plain","computed":true},"ledger_name":{"type":"string","description":"The name of the ledger associated with the reconciliation policy.","description_kind":"plain","required":true},"ledger_query":{"type":"dynamic","description":"The ledger query used to filter transactions for reconciliation. It must be a valid JSON object representing a query Builder. Advanced usage: See [Ledger Advanced Filtering documentation](https://docs.formance.com/ledger/advanced/filtering) for more details.","description_kind":"plain","optional":true},"name":{"type":"string","description":"The name of the pool.","description_kind":"plain","required":true},"payments_pool_id":{"type":"string","description":"The ID of the payments pool associated with the reconciliation policy.","description_kind":"plain","required":true}},"description":"Resource for managing a Formance Reconciliation Policy. For advanced usage and configuration, see the [Reconciliation documentation](https://docs.formance.com/reconciliation/).","description_kind":"plain"}},"stack_webhooks":{"version":0,"block":{"attributes":{"endpoint":{"type":"string","description":"The endpoint to which webhooks will be sent.","description_kind":"plain","required":true},"event_types":{"type":["list","string"],"description":"The types of events that will trigger webhooks.","description_kind":"plain","required":true},"id":{"type":"string","description":"The unique identifier of the webhook configuration.","description_kind":"plain","computed":true},"secret":{"type":"string","description":"The secret used to sign webhook payloads. If not provided, a secret will be generated by the API. Advanced usage: See [Webhooks documentation](https://docs.formance.com/webhooks/) for security best practices.","description_kind":"plain","optional":true,"sensitive":true}},"description":"Resource for managing Formance Webhooks. For advanced usage and configuration, see the [Webhooks documentation](https://docs.formance.com/webhooks/).","description_kind":"plain"}}}}}}
